
Microsoft Visual Studio Solution File, Format Version 12.00
# Visual Studio 15
VisualStudioVersion = 15.0.28307.106
MinimumVisualStudioVersion = 10.0.40219.1
Project("{FAE04EC0-301F-11D3-BF4B-00C04F79EFBC}") = "GotoDaNang.Model", "GotoDaNang.Model\GotoDaNang.Model.csproj", "{57AB3305-A504-4FCE-939A-5934854564F1}"
EndProject
Project("{FAE04EC0-301F-11D3-BF4B-00C04F79EFBC}") = "GotoDaNang.Data", "GotoDaNang.Data\GotoDaNang.Data.csproj", "{834B4E72-5A41-4334-AB43-4D567E99AA18}"
EndProject
Project("{FAE04EC0-301F-11D3-BF4B-00C04F79EFBC}") = "GotoDaNang.Web", "GotoDaNang.Web\GotoDaNang.Web.csproj", "{BCA26BD1-C28B-4E9F-AEEB-C66099BD5E7A}"
EndProject
Project("{FAE04EC0-301F-11D3-BF4B-00C04F79EFBC}") = "GotoDaNang.Services", "GotoDaNang.Services\GotoDaNang.Services.csproj", "{21CAA5B4-446F-4BDA-ABF3-3CEE4E7AD896}"
EndProject
Global
	GlobalSection(SolutionConfigurationPlatforms) = preSolution
		Debug|Any CPU = Debug|Any CPU
		Release|Any CPU = Release|Any CPU
	EndGlobalSection
	GlobalSection(ProjectConfigurationPlatforms) = postSolution
		{57AB3305-A504-4FCE-939A-5934854564F1}.Debug|Any CPU.ActiveCfg = Debug|Any CPU
		{57AB3305-A504-4FCE-939A-5934854564F1}.Debug|Any CPU.Build.0 = Debug|Any CPU
		{57AB3305-A504-4FCE-939A-5934854564F1}.Release|Any CPU.ActiveCfg = Release|Any CPU
		{57AB3305-A504-4FCE-939A-5934854564F1}.Release|Any CPU.Build.0 = Release|Any CPU
		{834B4E72-5A41-4334-AB43-4D567E99AA18}.Debug|Any CPU.ActiveCfg = Debug|Any CPU
		{834B4E72-5A41-4334-AB43-4D567E99AA18}.Debug|Any CPU.Build.0 = Debug|Any CPU
		{834B4E72-5A41-4334-AB43-4D567E99AA18}.Release|Any CPU.ActiveCfg = Release|Any CPU
		{834B4E72-5A41-4334-AB43-4D567E99AA18}.Release|Any CPU.Build.0 = Release|Any CPU
		{BCA26BD1-C28B-4E9F-AEEB-C66099BD5E7A}.Debug|Any CPU.ActiveCfg = Debug|Any CPU
		{BCA26BD1-C28B-4E9F-AEEB-C66099BD5E7A}.Debug|Any CPU.Build.0 = Debug|Any CPU
		{BCA26BD1-C28B-4E9F-AEEB-C66099BD5E7A}.Release|Any CPU.ActiveCfg = Release|Any CPU
		{BCA26BD1-C28B-4E9F-AEEB-C66099BD5E7A}.Release|Any CPU.Build.0 = Release|Any CPU
		{21CAA5B4-446F-4BDA-ABF3-3CEE4E7AD896}.Debug|Any CPU.ActiveCfg = Debug|Any CPU
		{21CAA5B4-446F-4BDA-ABF3-3CEE4E7AD896}.Debug|Any CPU.Build.0 = Debug|Any CPU
		{21CAA5B4-446F-4BDA-ABF3-3CEE4E7AD896}.Release|Any CPU.ActiveCfg = Release|Any CPU
		{21CAA5B4-446F-4BDA-ABF3-3CEE4E7AD896}.Release|Any CPU.Build.0 = Release|Any CPU
	EndGlobalSection
	GlobalSection(SolutionProperties) = preSolution
		HideSolutionNode = FALSE
	EndGlobalSection
	GlobalSection(ExtensibilityGlobals) = postSolution
		SolutionGuid = {3A6204D5-3000-4CE8-B277-6C4EE28C4A52}
	EndGlobalSection
EndGlobal
